
Microsoft Visual Studio Solution File, Format Version 12.00
# Visual Studio Version 17
VisualStudioVersion = 17.1.32210.238
MinimumVisualStudioVersion = 10.0.40219.1
Project("{FAE04EC0-301F-11D3-BF4B-00C04F79EFBC}") = "Project_NET", "Project_NET\Project_NET.csproj", "{CACCFA53-B5B8-4B4D-A9B5-287B2D97CC51}"
EndProject
Global
	GlobalSection(SolutionConfigurationPlatforms) = preSolution
		Debug|Any CPU = Debug|Any CPU
		Release|Any CPU = Release|Any CPU
	EndGlobalSection
	GlobalSection(ProjectConfigurationPlatforms) = postSolution
		{CACCFA53-B5B8-4B4D-A9B5-287B2D97CC51}.Debug|Any CPU.ActiveCfg = Debug|Any CPU
		{CACCFA53-B5B8-4B4D-A9B5-287B2D97CC51}.Debug|Any CPU.Build.0 = Debug|Any CPU
		{CACCFA53-B5B8-4B4D-A9B5-287B2D97CC51}.Release|Any CPU.ActiveCfg = Release|Any CPU
		{CACCFA53-B5B8-4B4D-A9B5-287B2D97CC51}.Release|Any CPU.Build.0 = Release|Any CPU
	EndGlobalSection
	GlobalSection(SolutionProperties) = preSolution
		HideSolutionNode = FALSE
	EndGlobalSection
	GlobalSection(ExtensibilityGlobals) = postSolution
		SolutionGuid = {8104228D-9764-4AA2-B8AC-1C6961EB08AB}
	EndGlobalSection
EndGlobal
